// !$*UTF8*$!
{
	archiveVersion = 1;
	classes = {
	};
	objectVersion = 55;
	objects = {

/* Begin PBXBuildFile section */
		77047D4729A36B4E00CCA9C4 /* ContentView.swift in Sources */ = {isa = PBXBuildFile; fileRef = 77047D4629A36B4E00CCA9C4 /* ContentView.swift */; };
		77047D4929A36F6D00CCA9C4 /* ContactsManager.swift in Sources */ = {isa = PBXBuildFile; fileRef = 77047D4829A36F6D00CCA9C4 /* ContactsManager.swift */; };
		77047D4B29A3706E00CCA9C4 /* ContactItem.swift in Sources */ = {isa = PBXBuildFile; fileRef = 77047D4A29A3706E00CCA9C4 /* ContactItem.swift */; };
		77C8AC0D29A2AE3E00BCA5F9 /* AppDelegate.swift in Sources */ = {isa = PBXBuildFile; fileRef = 77C8AC0C29A2AE3E00BCA5F9 /* AppDelegate.swift */; };
		77C8AC0F29A2AE3E00BCA5F9 /* SceneDelegate.swift in Sources */ = {isa = PBXBuildFile; fileRef = 77C8AC0E29A2AE3E00BCA5F9 /* SceneDelegate.swift */; };
		77C8AC1129A2AE3E00BCA5F9 /* ViewController.swift in Sources */ = {isa = PBXBuildFile; fileRef = 77C8AC1029A2AE3E00BCA5F9 /* ViewController.swift */; };
		77C8AC1429A2AE3E00BCA5F9 /* Main.storyboard in Resources */ = {isa = PBXBuildFile; fileRef = 77C8AC1229A2AE3E00BCA5F9 /* Main.storyboard */; };
		77C8AC1629A2AE4000BCA5F9 /* Assets.xcassets in Resources */ = {isa = PBXBuildFile; fileRef = 77C8AC1529A2AE4000BCA5F9 /* Assets.xcassets */; };
		77C8AC1929A2AE4000BCA5F9 /* LaunchScreen.storyboard in Resources */ = {isa = PBXBuildFile; fileRef = 77C8AC1729A2AE4000BCA5F9 /* LaunchScreen.storyboard */; };
		77F6CADC29A4E06B00F8EA17 /* AutocompleteLayoutManager.swift in Sources */ = {isa = PBXBuildFile; fileRef = 77F6CAD729A4E06B00F8EA17 /* AutocompleteLayoutManager.swift */; };
		77F6CADD29A4E06B00F8EA17 /* AutocompleteViewController.swift in Sources */ = {isa = PBXBuildFile; fileRef = 77F6CAD829A4E06B00F8EA17 /* AutocompleteViewController.swift */; };
		77F6CADE29A4E06B00F8EA17 /* AutocompleteView.swift in Sources */ = {isa = PBXBuildFile; fileRef = 77F6CAD929A4E06B00F8EA17 /* AutocompleteView.swift */; };
		77F6CADF29A4E06B00F8EA17 /* AutocompleteModel.swift in Sources */ = {isa = PBXBuildFile; fileRef = 77F6CADA29A4E06B00F8EA17 /* AutocompleteModel.swift */; };
		77F6CAE029A4E06B00F8EA17 /* AutocompleteViewModel.swift in Sources */ = {isa = PBXBuildFile; fileRef = 77F6CADB29A4E06B00F8EA17 /* AutocompleteViewModel.swift */; };
		77F6CAE429A51B9800F8EA17 /* ContactCell.swift in Sources */ = {isa = PBXBuildFile; fileRef = 77F6CAE329A51B9800F8EA17 /* ContactCell.swift */; };
		77F6CAE629A51F9000F8EA17 /* ViewModel.swift in Sources */ = {isa = PBXBuildFile; fileRef = 77F6CAE529A51F9000F8EA17 /* ViewModel.swift */; };
/* End PBXBuildFile section */

/* Begin PBXFileReference section */
		77047D4629A36B4E00CCA9C4 /* ContentView.swift */ = {isa = PBXFileReference; lastKnownFileType = sourcecode.swift; path = ContentView.swift; sourceTree = "<group>"; };
		77047D4829A36F6D00CCA9C4 /* ContactsManager.swift */ = {isa = PBXFileReference; lastKnownFileType = sourcecode.swift; path = ContactsManager.swift; sourceTree = "<group>"; };
		77047D4A29A3706E00CCA9C4 /* ContactItem.swift */ = {isa = PBXFileReference; lastKnownFileType = sourcecode.swift; path = ContactItem.swift; sourceTree = "<group>"; };
		77C8AC0929A2AE3E00BCA5F9 /* TextFieldAutocomplete.app */ = {isa = PBXFileReference; explicitFileType = wrapper.application; includeInIndex = 0; path = TextFieldAutocomplete.app; sourceTree = BUILT_PRODUCTS_DIR; };
		77C8AC0C29A2AE3E00BCA5F9 /* AppDelegate.swift */ = {isa = PBXFileReference; lastKnownFileType = sourcecode.swift; path = AppDelegate.swift; sourceTree = "<group>"; };
		77C8AC0E29A2AE3E00BCA5F9 /* SceneDelegate.swift */ = {isa = PBXFileReference; lastKnownFileType = sourcecode.swift; path = SceneDelegate.swift; sourceTree = "<group>"; };
		77C8AC1029A2AE3E00BCA5F9 /* ViewController.swift */ = {isa = PBXFileReference; lastKnownFileType = sourcecode.swift; path = ViewController.swift; sourceTree = "<group>"; };
		77C8AC1329A2AE3E00BCA5F9 /* Base */ = {isa = PBXFileReference; lastKnownFileType = file.storyboard; name = Base; path = Base.lproj/Main.storyboard; sourceTree = "<group>"; };
		77C8AC1529A2AE4000BCA5F9 /* Assets.xcassets */ = {isa = PBXFileReference; lastKnownFileType = folder.assetcatalog; path = Assets.xcassets; sourceTree = "<group>"; };
		77C8AC1829A2AE4000BCA5F9 /* Base */ = {isa = PBXFileReference; lastKnownFileType = file.storyboard; name = Base; path = Base.lproj/LaunchScreen.storyboard; sourceTree = "<group>"; };
		77C8AC1A29A2AE4000BCA5F9 /* Info.plist */ = {isa = PBXFileReference; lastKnownFileType = text.plist.xml; path = Info.plist; sourceTree = "<group>"; };
		77F6CAD729A4E06B00F8EA17 /* AutocompleteLayoutManager.swift */ = {isa = PBXFileReference; fileEncoding = 4; lastKnownFileType = sourcecode.swift; path = AutocompleteLayoutManager.swift; sourceTree = "<group>"; };
		77F6CAD829A4E06B00F8EA17 /* AutocompleteViewController.swift */ = {isa = PBXFileReference; fileEncoding = 4; lastKnownFileType = sourcecode.swift; path = AutocompleteViewController.swift; sourceTree = "<group>"; };
		77F6CAD929A4E06B00F8EA17 /* AutocompleteView.swift */ = {isa = PBXFileReference; fileEncoding = 4; lastKnownFileType = sourcecode.swift; path = AutocompleteView.swift; sourceTree = "<group>"; };
		77F6CADA29A4E06B00F8EA17 /* AutocompleteModel.swift */ = {isa = PBXFileReference; fileEncoding = 4; lastKnownFileType = sourcecode.swift; path = AutocompleteModel.swift; sourceTree = "<group>"; };
		77F6CADB29A4E06B00F8EA17 /* AutocompleteViewModel.swift */ = {isa = PBXFileReference; fileEncoding = 4; lastKnownFileType = sourcecode.swift; path = AutocompleteViewModel.swift; sourceTree = "<group>"; };
		77F6CAE329A51B9800F8EA17 /* ContactCell.swift */ = {isa = PBXFileReference; lastKnownFileType = sourcecode.swift; path = ContactCell.swift; sourceTree = "<group>"; };
		77F6CAE529A51F9000F8EA17 /* ViewModel.swift */ = {isa = PBXFileReference; lastKnownFileType = sourcecode.swift; path = ViewModel.swift; sourceTree = "<group>"; };
/* End PBXFileReference section */

/* Begin PBXFrameworksBuildPhase section */
		77C8AC0629A2AE3E00BCA5F9 /* Frameworks */ = {
			isa = PBXFrameworksBuildPhase;
			buildActionMask = 2147483647;
			files = (
			);
			runOnlyForDeploymentPostprocessing = 0;
		};
/* End PBXFrameworksBuildPhase section */

/* Begin PBXGroup section */
		77C8AC0029A2AE3E00BCA5F9 = {
			isa = PBXGroup;
			children = (
				77C8AC0B29A2AE3E00BCA5F9 /* TextFieldAutocomplete */,
				77C8AC0A29A2AE3E00BCA5F9 /* Products */,
			);
			sourceTree = "<group>";
		};
		77C8AC0A29A2AE3E00BCA5F9 /* Products */ = {
			isa = PBXGroup;
			children = (
				77C8AC0929A2AE3E00BCA5F9 /* TextFieldAutocomplete.app */,
			);
			name = Products;
			sourceTree = "<group>";
		};
		77C8AC0B29A2AE3E00BCA5F9 /* TextFieldAutocomplete */ = {
			isa = PBXGroup;
			children = (
				77F6CAE829A52FAE00F8EA17 /* Main */,
				77F6CAD629A4E06B00F8EA17 /* AutocompleteView */,
				77F6CAE129A5167B00F8EA17 /* Contacts */,
				77F6CAE229A51B8700F8EA17 /* Cells */,
				77C8AC0C29A2AE3E00BCA5F9 /* AppDelegate.swift */,
				77C8AC0E29A2AE3E00BCA5F9 /* SceneDelegate.swift */,
				77C8AC1229A2AE3E00BCA5F9 /* Main.storyboard */,
				77C8AC1529A2AE4000BCA5F9 /* Assets.xcassets */,
				77C8AC1729A2AE4000BCA5F9 /* LaunchScreen.storyboard */,
				77C8AC1A29A2AE4000BCA5F9 /* Info.plist */,
			);
			path = TextFieldAutocomplete;
			sourceTree = "<group>";
		};
		77F6CAD629A4E06B00F8EA17 /* AutocompleteView */ = {
			isa = PBXGroup;
			children = (
				77F6CAD729A4E06B00F8EA17 /* AutocompleteLayoutManager.swift */,
				77F6CADA29A4E06B00F8EA17 /* AutocompleteModel.swift */,
				77F6CAD929A4E06B00F8EA17 /* AutocompleteView.swift */,
				77F6CADB29A4E06B00F8EA17 /* AutocompleteViewModel.swift */,
				77F6CAD829A4E06B00F8EA17 /* AutocompleteViewController.swift */,
			);
			path = AutocompleteView;
			sourceTree = "<group>";
		};
		77F6CAE129A5167B00F8EA17 /* Contacts */ = {
			isa = PBXGroup;
			children = (
				77047D4829A36F6D00CCA9C4 /* ContactsManager.swift */,
				77047D4A29A3706E00CCA9C4 /* ContactItem.swift */,
			);
			path = Contacts;
			sourceTree = "<group>";
		};
		77F6CAE229A51B8700F8EA17 /* Cells */ = {
			isa = PBXGroup;
			children = (
				77F6CAE329A51B9800F8EA17 /* ContactCell.swift */,
			);
			path = Cells;
			sourceTree = "<group>";
		};
		77F6CAE829A52FAE00F8EA17 /* Main */ = {
			isa = PBXGroup;
			children = (
				77047D4629A36B4E00CCA9C4 /* ContentView.swift */,
				77F6CAE529A51F9000F8EA17 /* ViewModel.swift */,
				77C8AC1029A2AE3E00BCA5F9 /* ViewController.swift */,
			);
			path = Main;
			sourceTree = "<group>";
		};
/* End PBXGroup section */

/* Begin PBXNativeTarget section */
		77C8AC0829A2AE3E00BCA5F9 /* TextFieldAutocomplete */ = {
			isa = PBXNativeTarget;
			buildConfigurationList = 77C8AC1D29A2AE4000BCA5F9 /* Build configuration list for PBXNativeTarget "TextFieldAutocomplete" */;
			buildPhases = (
				77C8AC0529A2AE3E00BCA5F9 /* Sources */,
				77C8AC0629A2AE3E00BCA5F9 /* Frameworks */,
				77C8AC0729A2AE3E00BCA5F9 /* Resources */,
			);
			buildRules = (
			);
			dependencies = (
			);
			name = TextFieldAutocomplete;
			productName = TextFieldAutocomplete;
			productReference = 77C8AC0929A2AE3E00BCA5F9 /* TextFieldAutocomplete.app */;
			productType = "com.apple.product-type.application";
		};
/* End PBXNativeTarget section */

/* Begin PBXProject section */
		77C8AC0129A2AE3E00BCA5F9 /* Project object */ = {
			isa = PBXProject;
			attributes = {
				BuildIndependentTargetsInParallel = 1;
				LastSwiftUpdateCheck = 1340;
				LastUpgradeCheck = 1340;
				TargetAttributes = {
					77C8AC0829A2AE3E00BCA5F9 = {
						CreatedOnToolsVersion = 13.4.1;
					};
				};
			};
			buildConfigurationList = 77C8AC0429A2AE3E00BCA5F9 /* Build configuration list for PBXProject "TextFieldAutocomplete" */;
			compatibilityVersion = "Xcode 13.0";
			developmentRegion = en;
			hasScannedForEncodings = 0;
			knownRegions = (
				en,
				Base,
			);
			mainGroup = 77C8AC0029A2AE3E00BCA5F9;
			productRefGroup = 77C8AC0A29A2AE3E00BCA5F9 /* Products */;
			projectDirPath = "";
			projectRoot = "";
			targets = (
				77C8AC0829A2AE3E00BCA5F9 /* TextFieldAutocomplete */,
			);
		};
/* End PBXProject section */

/* Begin PBXResourcesBuildPhase section */
		77C8AC0729A2AE3E00BCA5F9 /* Resources */ = {
			isa = PBXResourcesBuildPhase;
			buildActionMask = 2147483647;
			files = (
				77C8AC1929A2AE4000BCA5F9 /* LaunchScreen.storyboard in Resources */,
				77C8AC1629A2AE4000BCA5F9 /* Assets.xcassets in Resources */,
				77C8AC1429A2AE3E00BCA5F9 /* Main.storyboard in Resources */,
			);
			runOnlyForDeploymentPostprocessing = 0;
		};
/* End PBXResourcesBuildPhase section */

/* Begin PBXSourcesBuildPhase section */
		77C8AC0529A2AE3E00BCA5F9 /* Sources */ = {
			isa = PBXSourcesBuildPhase;
			buildActionMask = 2147483647;
			files = (
				77F6CAE429A51B9800F8EA17 /* ContactCell.swift in Sources */,
				77F6CADD29A4E06B00F8EA17 /* AutocompleteViewController.swift in Sources */,
				77C8AC1129A2AE3E00BCA5F9 /* ViewController.swift in Sources */,
				77047D4929A36F6D00CCA9C4 /* ContactsManager.swift in Sources */,
				77C8AC0D29A2AE3E00BCA5F9 /* AppDelegate.swift in Sources */,
				77F6CADE29A4E06B00F8EA17 /* AutocompleteView.swift in Sources */,
				77F6CAE629A51F9000F8EA17 /* ViewModel.swift in Sources */,
				77047D4B29A3706E00CCA9C4 /* ContactItem.swift in Sources */,
				77047D4729A36B4E00CCA9C4 /* ContentView.swift in Sources */,
				77F6CADF29A4E06B00F8EA17 /* AutocompleteModel.swift in Sources */,
				77F6CAE029A4E06B00F8EA17 /* AutocompleteViewModel.swift in Sources */,
				77C8AC0F29A2AE3E00BCA5F9 /* SceneDelegate.swift in Sources */,
				77F6CADC29A4E06B00F8EA17 /* AutocompleteLayoutManager.swift in Sources */,
			);
			runOnlyForDeploymentPostprocessing = 0;
		};
/* End PBXSourcesBuildPhase section */

/* Begin PBXVariantGroup section */
		77C8AC1229A2AE3E00BCA5F9 /* Main.storyboard */ = {
			isa = PBXVariantGroup;
			children = (
				77C8AC1329A2AE3E00BCA5F9 /* Base */,
			);
			name = Main.storyboard;
			sourceTree = "<group>";
		};
		77C8AC1729A2AE4000BCA5F9 /* LaunchScreen.storyboard */ = {
			isa = PBXVariantGroup;
			children = (
				77C8AC1829A2AE4000BCA5F9 /* Base */,
			);
			name = LaunchScreen.storyboard;
			sourceTree = "<group>";
		};
/* End PBXVariantGroup section */

/* Begin XCBuildConfiguration section */
		77C8AC1B29A2AE4000BCA5F9 /* Debug */ = {
			isa = XCBuildConfiguration;
			buildSettings = {
				ALWAYS_SEARCH_USER_PATHS = NO;
				CLANG_ANALYZER_NONNULL = YES;
				CLANG_ANALYZER_NUMBER_OBJECT_CONVERSION = YES_AGGRESSIVE;
				CLANG_CXX_LANGUAGE_STANDARD = "gnu++17";
				CLANG_ENABLE_MODULES = YES;
				CLANG_ENABLE_OBJC_ARC = YES;
				CLANG_ENABLE_OBJC_WEAK = YES;
				CLANG_WARN_BLOCK_CAPTURE_AUTORELEASING = YES;
				CLANG_WARN_BOOL_CONVERSION = YES;
				CLANG_WARN_COMMA = YES;
				CLANG_WARN_CONSTANT_CONVERSION = YES;
				CLANG_WARN_DEPRECATED_OBJC_IMPLEMENTATIONS = YES;
				CLANG_WARN_DIRECT_OBJC_ISA_USAGE = YES_ERROR;
				CLANG_WARN_DOCUMENTATION_COMMENTS = YES;
				CLANG_WARN_EMPTY_BODY = YES;
				CLANG_WARN_ENUM_CONVERSION = YES;
				CLANG_WARN_INFINITE_RECURSION = YES;
				CLANG_WARN_INT_CONVERSION = YES;
				CLANG_WARN_NON_LITERAL_NULL_CONVERSION = YES;
				CLANG_WARN_OBJC_IMPLICIT_RETAIN_SELF = YES;
				CLANG_WARN_OBJC_LITERAL_CONVERSION = YES;
				CLANG_WARN_OBJC_ROOT_CLASS = YES_ERROR;
				CLANG_WARN_QUOTED_INCLUDE_IN_FRAMEWORK_HEADER = YES;
				CLANG_WARN_RANGE_LOOP_ANALYSIS = YES;
				CLANG_WARN_STRICT_PROTOTYPES = YES;
				CLANG_WARN_SUSPICIOUS_MOVE = YES;
				CLANG_WARN_UNGUARDED_AVAILABILITY = YES_AGGRESSIVE;
				CLANG_WARN_UNREACHABLE_CODE = YES;
				CLANG_WARN__DUPLICATE_METHOD_MATCH = YES;
				COPY_PHASE_STRIP = NO;
				DEBUG_INFORMATION_FORMAT = dwarf;
				ENABLE_STRICT_OBJC_MSGSEND = YES;
				ENABLE_TESTABILITY = YES;
				GCC_C_LANGUAGE_STANDARD = gnu11;
				GCC_DYNAMIC_NO_PIC = NO;
				GCC_NO_COMMON_BLOCKS = YES;
				GCC_OPTIMIZATION_LEVEL = 0;
				GCC_PREPROCESSOR_DEFINITIONS = (
					"DEBUG=1",
					"$(inherited)",
				);
				GCC_WARN_64_TO_32_BIT_CONVERSION = YES;
				GCC_WARN_ABOUT_RETURN_TYPE = YES_ERROR;
				GCC_WARN_UNDECLARED_SELECTOR = YES;
				GCC_WARN_UNINITIALIZED_AUTOS = YES_AGGRESSIVE;
				GCC_WARN_UNUSED_FUNCTION = YES;
				GCC_WARN_UNUSED_VARIABLE = YES;
				IPHONEOS_DEPLOYMENT_TARGET = 15.5;
				MTL_ENABLE_DEBUG_INFO = INCLUDE_SOURCE;
				MTL_FAST_MATH = YES;
				ONLY_ACTIVE_ARCH = YES;
				SDKROOT = iphoneos;
				SWIFT_ACTIVE_COMPILATION_CONDITIONS = DEBUG;
				SWIFT_OPTIMIZATION_LEVEL = "-Onone";
			};
			name = Debug;
		};
		77C8AC1C29A2AE4000BCA5F9 /* Release */ = {
			isa = XCBuildConfiguration;
			buildSettings = {
				ALWAYS_SEARCH_USER_PATHS = NO;
				CLANG_ANALYZER_NONNULL = YES;
				CLANG_ANALYZER_NUMBER_OBJECT_CONVERSION = YES_AGGRESSIVE;
				CLANG_CXX_LANGUAGE_STANDARD = "gnu++17";
				CLANG_ENABLE_MODULES = YES;
				CLANG_ENABLE_OBJC_ARC = YES;
				CLANG_ENABLE_OBJC_WEAK = YES;
				CLANG_WARN_BLOCK_CAPTURE_AUTORELEASING = YES;
				CLANG_WARN_BOOL_CONVERSION = YES;
				CLANG_WARN_COMMA = YES;
				CLANG_WARN_CONSTANT_CONVERSION = YES;
				CLANG_WARN_DEPRECATED_OBJC_IMPLEMENTATIONS = YES;
				CLANG_WARN_DIRECT_OBJC_ISA_USAGE = YES_ERROR;
				CLANG_WARN_DOCUMENTATION_COMMENTS = YES;
				CLANG_WARN_EMPTY_BODY = YES;
				CLANG_WARN_ENUM_CONVERSION = YES;
				CLANG_WARN_INFINITE_RECURSION = YES;
				CLANG_WARN_INT_CONVERSION = YES;
				CLANG_WARN_NON_LITERAL_NULL_CONVERSION = YES;
				CLANG_WARN_OBJC_IMPLICIT_RETAIN_SELF = YES;
				CLANG_WARN_OBJC_LITERAL_CONVERSION = YES;
				CLANG_WARN_OBJC_ROOT_CLASS = YES_ERROR;
				CLANG_WARN_QUOTED_INCLUDE_IN_FRAMEWORK_HEADER = YES;
				CLANG_WARN_RANGE_LOOP_ANALYSIS = YES;
				CLANG_WARN_STRICT_PROTOTYPES = YES;
				CLANG_WARN_SUSPICIOUS_MOVE = YES;
				CLANG_WARN_UNGUARDED_AVAILABILITY = YES_AGGRESSIVE;
				CLANG_WARN_UNREACHABLE_CODE = YES;
				CLANG_WARN__DUPLICATE_METHOD_MATCH = YES;
				COPY_PHASE_STRIP = NO;
				DEBUG_INFORMATION_FORMAT = "dwarf-with-dsym";
				ENABLE_NS_ASSERTIONS = NO;
				ENABLE_STRICT_OBJC_MSGSEND = YES;
				GCC_C_LANGUAGE_STANDARD = gnu11;
				GCC_NO_COMMON_BLOCKS = YES;
				GCC_WARN_64_TO_32_BIT_CONVERSION = YES;
				GCC_WARN_ABOUT_RETURN_TYPE = YES_ERROR;
				GCC_WARN_UNDECLARED_SELECTOR = YES;
				GCC_WARN_UNINITIALIZED_AUTOS = YES_AGGRESSIVE;
				GCC_WARN_UNUSED_FUNCTION = YES;
				GCC_WARN_UNUSED_VARIABLE = YES;
				IPHONEOS_DEPLOYMENT_TARGET = 15.5;
				MTL_ENABLE_DEBUG_INFO = NO;
				MTL_FAST_MATH = YES;
				SDKROOT = iphoneos;
				SWIFT_COMPILATION_MODE = wholemodule;
				SWIFT_OPTIMIZATION_LEVEL = "-O";
				VALIDATE_PRODUCT = YES;
			};
			name = Release;
		};
		77C8AC1E29A2AE4000BCA5F9 /* Debug */ = {
			isa = XCBuildConfiguration;
			buildSettings = {
				ASSETCATALOG_COMPILER_APPICON_NAME = AppIcon;
				ASSETCATALOG_COMPILER_GLOBAL_ACCENT_COLOR_NAME = AccentColor;
				CODE_SIGN_STYLE = Automatic;
				CURRENT_PROJECT_VERSION = 1;
				DEVELOPMENT_TEAM = 5M9FB3UY43;
				GENERATE_INFOPLIST_FILE = YES;
				INFOPLIST_FILE = TextFieldAutocomplete/Info.plist;
				INFOPLIST_KEY_UIApplicationSupportsIndirectInputEvents = YES;
				INFOPLIST_KEY_UILaunchStoryboardName = LaunchScreen;
				INFOPLIST_KEY_UIMainStoryboardFile = Main;
				INFOPLIST_KEY_UISupportedInterfaceOrientations_iPad = "UIInterfaceOrientationPortrait UIInterfaceOrientationPortraitUpsideDown UIInterfaceOrientationLandscapeLeft UIInterfaceOrientationLandscapeRight";
				INFOPLIST_KEY_UISupportedInterfaceOrientations_iPhone = "UIInterfaceOrientationPortrait UIInterfaceOrientationLandscapeLeft UIInterfaceOrientationLandscapeRight";
				LD_RUNPATH_SEARCH_PATHS = (
					"$(inherited)",
					"@executable_path/Frameworks",
				);
				MARKETING_VERSION = 1.0;
				PRODUCT_BUNDLE_IDENTIFIER = luanatelha.TextFieldAutocomplete;
				PRODUCT_NAME = "$(TARGET_NAME)";
				SWIFT_EMIT_LOC_STRINGS = YES;
				SWIFT_VERSION = 5.0;
				TARGETED_DEVICE_FAMILY = "1,2";
			};
			name = Debug;
		};
		77C8AC1F29A2AE4000BCA5F9 /* Release */ = {
			isa = XCBuildConfiguration;
			buildSettings = {
				ASSETCATALOG_COMPILER_APPICON_NAME = AppIcon;
				ASSETCATALOG_COMPILER_GLOBAL_ACCENT_COLOR_NAME = AccentColor;
				CODE_SIGN_STYLE = Automatic;
				CURRENT_PROJECT_VERSION = 1;
				DEVELOPMENT_TEAM = 5M9FB3UY43;
				GENERATE_INFOPLIST_FILE = YES;
				INFOPLIST_FILE = TextFieldAutocomplete/Info.plist;
				INFOPLIST_KEY_UIApplicationSupportsIndirectInputEvents = YES;
				INFOPLIST_KEY_UILaunchStoryboardName = LaunchScreen;
				INFOPLIST_KEY_UIMainStoryboardFile = Main;
				INFOPLIST_KEY_UISupportedInterfaceOrientations_iPad = "UIInterfaceOrientationPortrait UIInterfaceOrientationPortraitUpsideDown UIInterfaceOrientationLandscapeLeft UIInterfaceOrientationLandscapeRight";
				INFOPLIST_KEY_UISupportedInterfaceOrientations_iPhone = "UIInterfaceOrientationPortrait UIInterfaceOrientationLandscapeLeft UIInterfaceOrientationLandscapeRight";
				LD_RUNPATH_SEARCH_PATHS = (
					"$(inherited)",
					"@executable_path/Frameworks",
				);
				MARKETING_VERSION = 1.0;
				PRODUCT_BUNDLE_IDENTIFIER = luanatelha.TextFieldAutocomplete;
				PRODUCT_NAME = "$(TARGET_NAME)";
				SWIFT_EMIT_LOC_STRINGS = YES;
				SWIFT_VERSION = 5.0;
				TARGETED_DEVICE_FAMILY = "1,2";
			};
			name = Release;
		};
/* End XCBuildConfiguration section */

/* Begin XCConfigurationList section */
		77C8AC0429A2AE3E00BCA5F9 /* Build configuration list for PBXProject "TextFieldAutocomplete" */ = {
			isa = XCConfigurationList;
			buildConfigurations = (
				77C8AC1B29A2AE4000BCA5F9 /* Debug */,
				77C8AC1C29A2AE4000BCA5F9 /* Release */,
			);
			defaultConfigurationIsVisible = 0;
			defaultConfigurationName = Release;
		};
		77C8AC1D29A2AE4000BCA5F9 /* Build configuration list for PBXNativeTarget "TextFieldAutocomplete" */ = {
			isa = XCConfigurationList;
			buildConfigurations = (
				77C8AC1E29A2AE4000BCA5F9 /* Debug */,
				77C8AC1F29A2AE4000BCA5F9 /* Release */,
			);
			defaultConfigurationIsVisible = 0;
			defaultConfigurationName = Release;
		};
/* End XCConfigurationList section */
	};
	rootObject = 77C8AC0129A2AE3E00BCA5F9 /* Project object */;
}
